// !$*UTF8*$!
{
	archiveVersion = 1;
	classes = {
	};
	objectVersion = 50;
	objects = {

/* Begin PBXBuildFile section */
		7946A09122B8073A00BEB222 /* AppDelegate.swift in Sources */ = {isa = PBXBuildFile; fileRef = 7946A09022B8073A00BEB222 /* AppDelegate.swift */; };
		7946A09322B8073A00BEB222 /* ViewController.swift in Sources */ = {isa = PBXBuildFile; fileRef = 7946A09222B8073A00BEB222 /* ViewController.swift */; };
		7946A09622B8073A00BEB222 /* Main.storyboard in Resources */ = {isa = PBXBuildFile; fileRef = 7946A09422B8073A00BEB222 /* Main.storyboard */; };
		7946A09822B8073D00BEB222 /* Assets.xcassets in Resources */ = {isa = PBXBuildFile; fileRef = 7946A09722B8073D00BEB222 /* Assets.xcassets */; };
		7946A09B22B8073D00BEB222 /* LaunchScreen.storyboard in Resources */ = {isa = PBXBuildFile; fileRef = 7946A09922B8073D00BEB222 /* LaunchScreen.storyboard */; };
/* End PBXBuildFile section */

/* Begin PBXContainerItemProxy section */
		7946A0A222B8073D00BEB222 /* PBXContainerItemProxy */ = {
			isa = PBXContainerItemProxy;
			containerPortal = 7946A08522B8073A00BEB222 /* Project object */;
			proxyType = 1;
			remoteGlobalIDString = 7946A08C22B8073A00BEB222;
			remoteInfo = Fleetstep;
		};
		7946A0AD22B8073D00BEB222 /* PBXContainerItemProxy */ = {
			isa = PBXContainerItemProxy;
			containerPortal = 7946A08522B8073A00BEB222 /* Project object */;
			proxyType = 1;
			remoteGlobalIDString = 7946A08C22B8073A00BEB222;
			remoteInfo = Fleetstep;
		};
/* End PBXContainerItemProxy section */

/* Begin PBXFileReference section */
		7946A08D22B8073A00BEB222 /* Fleetstep.app */ = {isa = PBXFileReference; explicitFileType = wrapper.application; includeInIndex = 0; path = Fleetstep.app; sourceTree = BUILT_PRODUCTS_DIR; };
		7946A09022B8073A00BEB222 /* AppDelegate.swift */ = {isa = PBXFileReference; lastKnownFileType = sourcecode.swift; path = AppDelegate.swift; sourceTree = "<group>"; };
		7946A09222B8073A00BEB222 /* ViewController.swift */ = {isa = PBXFileReference; lastKnownFileType = sourcecode.swift; path = ViewController.swift; sourceTree = "<group>"; };
		7946A09522B8073A00BEB222 /* Base */ = {isa = PBXFileReference; lastKnownFileType = file.storyboard; name = Base; path = Base.lproj/Main.storyboard; sourceTree = "<group>"; };
		7946A09722B8073D00BEB222 /* Assets.xcassets */ = {isa = PBXFileReference; lastKnownFileType = folder.assetcatalog; path = Assets.xcassets; sourceTree = "<group>"; };
		7946A09A22B8073D00BEB222 /* Base */ = {isa = PBXFileReference; lastKnownFileType = file.storyboard; name = Base; path = Base.lproj/LaunchScreen.storyboard; sourceTree = "<group>"; };
		7946A09C22B8073D00BEB222 /* Info.plist */ = {isa = PBXFileReference; lastKnownFileType = text.plist.xml; path = Info.plist; sourceTree = "<group>"; };
		7946A0A122B8073D00BEB222 /* FleetstepTests.xctest */ = {isa = PBXFileReference; explicitFileType = wrapper.cfbundle; includeInIndex = 0; path = FleetstepTests.xctest; sourceTree = BUILT_PRODUCTS_DIR; };
		7946A0AC22B8073D00BEB222 /* FleetstepUITests.xctest */ = {isa = PBXFileReference; explicitFileType = wrapper.cfbundle; includeInIndex = 0; path = FleetstepUITests.xctest; sourceTree = BUILT_PRODUCTS_DIR; };
/* End PBXFileReference section */

/* Begin PBXFrameworksBuildPhase section */
		7946A08A22B8073A00BEB222 /* Frameworks */ = {
			isa = PBXFrameworksBuildPhase;
			buildActionMask = 2147483647;
			files = (
			);
			runOnlyForDeploymentPostprocessing = 0;
		};
		7946A09E22B8073D00BEB222 /* Frameworks */ = {
			isa = PBXFrameworksBuildPhase;
			buildActionMask = 2147483647;
			files = (
			);
			runOnlyForDeploymentPostprocessing = 0;
		};
		7946A0A922B8073D00BEB222 /* Frameworks */ = {
			isa = PBXFrameworksBuildPhase;
			buildActionMask = 2147483647;
			files = (
			);
			runOnlyForDeploymentPostprocessing = 0;
		};
/* End PBXFrameworksBuildPhase section */

/* Begin PBXGroup section */
		7946A08422B8073A00BEB222 = {
			isa = PBXGroup;
			children = (
				7946A08F22B8073A00BEB222 /* Fleetstep */,
				7946A08E22B8073A00BEB222 /* Products */,
			);
			sourceTree = "<group>";
		};
		7946A08E22B8073A00BEB222 /* Products */ = {
			isa = PBXGroup;
			children = (
				7946A08D22B8073A00BEB222 /* Fleetstep.app */,
				7946A0A122B8073D00BEB222 /* FleetstepTests.xctest */,
				7946A0AC22B8073D00BEB222 /* FleetstepUITests.xctest */,
			);
			name = Products;
			sourceTree = "<group>";
		};
		7946A08F22B8073A00BEB222 /* Fleetstep */ = {
			isa = PBXGroup;
			children = (
				7946A09022B8073A00BEB222 /* AppDelegate.swift */,
				7946A09222B8073A00BEB222 /* ViewController.swift */,
				7946A09422B8073A00BEB222 /* Main.storyboard */,
				7946A09722B8073D00BEB222 /* Assets.xcassets */,
				7946A09922B8073D00BEB222 /* LaunchScreen.storyboard */,
				7946A09C22B8073D00BEB222 /* Info.plist */,
			);
			path = Fleetstep;
			sourceTree = "<group>";
		};
/* End PBXGroup section */

/* Begin PBXNativeTarget section */
		7946A08C22B8073A00BEB222 /* Fleetstep */ = {
			isa = PBXNativeTarget;
			buildConfigurationList = 7946A0B522B8073D00BEB222 /* Build configuration list for PBXNativeTarget "Fleetstep" */;
			buildPhases = (
				7946A08922B8073A00BEB222 /* Sources */,
				7946A08A22B8073A00BEB222 /* Frameworks */,
				7946A08B22B8073A00BEB222 /* Resources */,
			);
			buildRules = (
			);
			dependencies = (
			);
			name = Fleetstep;
			productName = Fleetstep;
			productReference = 7946A08D22B8073A00BEB222 /* Fleetstep.app */;
			productType = "com.apple.product-type.application";
		};
		7946A0A022B8073D00BEB222 /* FleetstepTests */ = {
			isa = PBXNativeTarget;
			buildConfigurationList = 7946A0B822B8073D00BEB222 /* Build configuration list for PBXNativeTarget "FleetstepTests" */;
			buildPhases = (
				7946A09D22B8073D00BEB222 /* Sources */,
				7946A09E22B8073D00BEB222 /* Frameworks */,
				7946A09F22B8073D00BEB222 /* Resources */,
			);
			buildRules = (
			);
			dependencies = (
				7946A0A322B8073D00BEB222 /* PBXTargetDependency */,
			);
			name = FleetstepTests;
			productName = FleetstepTests;
			productReference = 7946A0A122B8073D00BEB222 /* FleetstepTests.xctest */;
			productType = "com.apple.product-type.bundle.unit-test";
		};
		7946A0AB22B8073D00BEB222 /* FleetstepUITests */ = {
			isa = PBXNativeTarget;
			buildConfigurationList = 7946A0BB22B8073D00BEB222 /* Build configuration list for PBXNativeTarget "FleetstepUITests" */;
			buildPhases = (
				7946A0A822B8073D00BEB222 /* Sources */,
				7946A0A922B8073D00BEB222 /* Frameworks */,
				7946A0AA22B8073D00BEB222 /* Resources */,
			);
			buildRules = (
			);
			dependencies = (
				7946A0AE22B8073D00BEB222 /* PBXTargetDependency */,
			);
			name = FleetstepUITests;
			productName = FleetstepUITests;
			productReference = 7946A0AC22B8073D00BEB222 /* FleetstepUITests.xctest */;
			productType = "com.apple.product-type.bundle.ui-testing";
		};
/* End PBXNativeTarget section */

/* Begin PBXProject section */
		7946A08522B8073A00BEB222 /* Project object */ = {
			isa = PBXProject;
			attributes = {
				LastSwiftUpdateCheck = 1020;
				LastUpgradeCheck = 1020;
				ORGANIZATIONNAME = "Wolfgang Walder";
				TargetAttributes = {
					7946A08C22B8073A00BEB222 = {
						CreatedOnToolsVersion = 10.2.1;
					};
					7946A0A022B8073D00BEB222 = {
						CreatedOnToolsVersion = 10.2.1;
						TestTargetID = 7946A08C22B8073A00BEB222;
					};
					7946A0AB22B8073D00BEB222 = {
						CreatedOnToolsVersion = 10.2.1;
						TestTargetID = 7946A08C22B8073A00BEB222;
					};
				};
			};
			buildConfigurationList = 7946A08822B8073A00BEB222 /* Build configuration list for PBXProject "Fleetstep" */;
			compatibilityVersion = "Xcode 9.3";
			developmentRegion = en;
			hasScannedForEncodings = 0;
			knownRegions = (
				en,
				Base,
			);
			mainGroup = 7946A08422B8073A00BEB222;
			productRefGroup = 7946A08E22B8073A00BEB222 /* Products */;
			projectDirPath = "";
			projectRoot = "";
			targets = (
				7946A08C22B8073A00BEB222 /* Fleetstep */,
				7946A0A022B8073D00BEB222 /* FleetstepTests */,
				7946A0AB22B8073D00BEB222 /* FleetstepUITests */,
			);
		};
/* End PBXProject section */

/* Begin PBXResourcesBuildPhase section */
		7946A08B22B8073A00BEB222 /* Resources */ = {
			isa = PBXResourcesBuildPhase;
			buildActionMask = 2147483647;
			files = (
				7946A09B22B8073D00BEB222 /* LaunchScreen.storyboard in Resources */,
				7946A09822B8073D00BEB222 /* Assets.xcassets in Resources */,
				7946A09622B8073A00BEB222 /* Main.storyboard in Resources */,
			);
			runOnlyForDeploymentPostprocessing = 0;
		};
		7946A09F22B8073D00BEB222 /* Resources */ = {
			isa = PBXResourcesBuildPhase;
			buildActionMask = 2147483647;
			files = (
			);
			runOnlyForDeploymentPostprocessing = 0;
		};
		7946A0AA22B8073D00BEB222 /* Resources */ = {
			isa = PBXResourcesBuildPhase;
			buildActionMask = 2147483647;
			files = (
			);
			runOnlyForDeploymentPostprocessing = 0;
		};
/* End PBXResourcesBuildPhase section */

/* Begin PBXSourcesBuildPhase section */
		7946A08922B8073A00BEB222 /* Sources */ = {
			isa = PBXSourcesBuildPhase;
			buildActionMask = 2147483647;
			files = (
				7946A09322B8073A00BEB222 /* ViewController.swift in Sources */,
				7946A09122B8073A00BEB222 /* AppDelegate.swift in Sources */,
			);
			runOnlyForDeploymentPostprocessing = 0;
		};
		7946A09D22B8073D00BEB222 /* Sources */ = {
			isa = PBXSourcesBuildPhase;
			buildActionMask = 2147483647;
			files = (
			);
			runOnlyForDeploymentPostprocessing = 0;
		};
		7946A0A822B8073D00BEB222 /* Sources */ = {
			isa = PBXSourcesBuildPhase;
			buildActionMask = 2147483647;
			files = (
			);
			runOnlyForDeploymentPostprocessing = 0;
		};
/* End PBXSourcesBuildPhase section */

/* Begin PBXTargetDependency section */
		7946A0A322B8073D00BEB222 /* PBXTargetDependency */ = {
			isa = PBXTargetDependency;
			target = 7946A08C22B8073A00BEB222 /* Fleetstep */;
			targetProxy = 7946A0A222B8073D00BEB222 /* PBXContainerItemProxy */;
		};
		7946A0AE22B8073D00BEB222 /* PBXTargetDependency */ = {
			isa = PBXTargetDependency;
			target = 7946A08C22B8073A00BEB222 /* Fleetstep */;
			targetProxy = 7946A0AD22B8073D00BEB222 /* PBXContainerItemProxy */;
		};
/* End PBXTargetDependency section */

/* Begin PBXVariantGroup section */
		7946A09422B8073A00BEB222 /* Main.storyboard */ = {
			isa = PBXVariantGroup;
			children = (
				7946A09522B8073A00BEB222 /* Base */,
			);
			name = Main.storyboard;
			sourceTree = "<group>";
		};
		7946A09922B8073D00BEB222 /* LaunchScreen.storyboard */ = {
			isa = PBXVariantGroup;
			children = (
				7946A09A22B8073D00BEB222 /* Base */,
			);
			name = LaunchScreen.storyboard;
			sourceTree = "<group>";
		};
/* End PBXVariantGroup section */

/* Begin XCBuildConfiguration section */
		7946A0B322B8073D00BEB222 /* Debug */ = {
			isa = XCBuildConfiguration;
			buildSettings = {
				ALWAYS_SEARCH_USER_PATHS = NO;
				CLANG_ANALYZER_NONNULL = YES;
				CLANG_ANALYZER_NUMBER_OBJECT_CONVERSION = YES_AGGRESSIVE;
				CLANG_CXX_LANGUAGE_STANDARD = "gnu++14";
				CLANG_CXX_LIBRARY = "libc++";
				CLANG_ENABLE_MODULES = YES;
				CLANG_ENABLE_OBJC_ARC = YES;
				CLANG_ENABLE_OBJC_WEAK = YES;
				CLANG_WARN_BLOCK_CAPTURE_AUTORELEASING = YES;
				CLANG_WARN_BOOL_CONVERSION = YES;
				CLANG_WARN_COMMA = YES;
				CLANG_WARN_CONSTANT_CONVERSION = YES;
				CLANG_WARN_DEPRECATED_OBJC_IMPLEMENTATIONS = YES;
				CLANG_WARN_DIRECT_OBJC_ISA_USAGE = YES_ERROR;
				CLANG_WARN_DOCUMENTATION_COMMENTS = YES;
				CLANG_WARN_EMPTY_BODY = YES;
				CLANG_WARN_ENUM_CONVERSION = YES;
				CLANG_WARN_INFINITE_RECURSION = YES;
				CLANG_WARN_INT_CONVERSION = YES;
				CLANG_WARN_NON_LITERAL_NULL_CONVERSION = YES;
				CLANG_WARN_OBJC_IMPLICIT_RETAIN_SELF = YES;
				CLANG_WARN_OBJC_LITERAL_CONVERSION = YES;
				CLANG_WARN_OBJC_ROOT_CLASS = YES_ERROR;
				CLANG_WARN_RANGE_LOOP_ANALYSIS = YES;
				CLANG_WARN_STRICT_PROTOTYPES = YES;
				CLANG_WARN_SUSPICIOUS_MOVE = YES;
				CLANG_WARN_UNGUARDED_AVAILABILITY = YES_AGGRESSIVE;
				CLANG_WARN_UNREACHABLE_CODE = YES;
				CLANG_WARN__DUPLICATE_METHOD_MATCH = YES;
				CODE_SIGN_IDENTITY = "iPhone Developer";
				COPY_PHASE_STRIP = NO;
				DEBUG_INFORMATION_FORMAT = dwarf;
				ENABLE_STRICT_OBJC_MSGSEND = YES;
				ENABLE_TESTABILITY = YES;
				GCC_C_LANGUAGE_STANDARD = gnu11;
				GCC_DYNAMIC_NO_PIC = NO;
				GCC_NO_COMMON_BLOCKS = YES;
				GCC_OPTIMIZATION_LEVEL = 0;
				GCC_PREPROCESSOR_DEFINITIONS = (
					"DEBUG=1",
					"$(inherited)",
				);
				GCC_WARN_64_TO_32_BIT_CONVERSION = YES;
				GCC_WARN_ABOUT_RETURN_TYPE = YES_ERROR;
				GCC_WARN_UNDECLARED_SELECTOR = YES;
				GCC_WARN_UNINITIALIZED_AUTOS = YES_AGGRESSIVE;
				GCC_WARN_UNUSED_FUNCTION = YES;
				GCC_WARN_UNUSED_VARIABLE = YES;
				IPHONEOS_DEPLOYMENT_TARGET = 12.2;
				MTL_ENABLE_DEBUG_INFO = INCLUDE_SOURCE;
				MTL_FAST_MATH = YES;
				ONLY_ACTIVE_ARCH = YES;
				SDKROOT = iphoneos;
				SWIFT_ACTIVE_COMPILATION_CONDITIONS = DEBUG;
				SWIFT_OPTIMIZATION_LEVEL = "-Onone";
			};
			name = Debug;
		};
		7946A0B422B8073D00BEB222 /* Release */ = {
			isa = XCBuildConfiguration;
			buildSettings = {
				ALWAYS_SEARCH_USER_PATHS = NO;
				CLANG_ANALYZER_NONNULL = YES;
				CLANG_ANALYZER_NUMBER_OBJECT_CONVERSION = YES_AGGRESSIVE;
				CLANG_CXX_LANGUAGE_STANDARD = "gnu++14";
				CLANG_CXX_LIBRARY = "libc++";
				CLANG_ENABLE_MODULES = YES;
				CLANG_ENABLE_OBJC_ARC = YES;
				CLANG_ENABLE_OBJC_WEAK = YES;
				CLANG_WARN_BLOCK_CAPTURE_AUTORELEASING = YES;
				CLANG_WARN_BOOL_CONVERSION = YES;
				CLANG_WARN_COMMA = YES;
				CLANG_WARN_CONSTANT_CONVERSION = YES;
				CLANG_WARN_DEPRECATED_OBJC_IMPLEMENTATIONS = YES;
				CLANG_WARN_DIRECT_OBJC_ISA_USAGE = YES_ERROR;
				CLANG_WARN_DOCUMENTATION_COMMENTS = YES;
				CLANG_WARN_EMPTY_BODY = YES;
				CLANG_WARN_ENUM_CONVERSION = YES;
				CLANG_WARN_INFINITE_RECURSION = YES;
				CLANG_WARN_INT_CONVERSION = YES;
				CLANG_WARN_NON_LITERAL_NULL_CONVERSION = YES;
				CLANG_WARN_OBJC_IMPLICIT_RETAIN_SELF = YES;
				CLANG_WARN_OBJC_LITERAL_CONVERSION = YES;
				CLANG_WARN_OBJC_ROOT_CLASS = YES_ERROR;
				CLANG_WARN_RANGE_LOOP_ANALYSIS = YES;
				CLANG_WARN_STRICT_PROTOTYPES = YES;
				CLANG_WARN_SUSPICIOUS_MOVE = YES;
				CLANG_WARN_UNGUARDED_AVAILABILITY = YES_AGGRESSIVE;
				CLANG_WARN_UNREACHABLE_CODE = YES;
				CLANG_WARN__DUPLICATE_METHOD_MATCH = YES;
				CODE_SIGN_IDENTITY = "iPhone Developer";
				COPY_PHASE_STRIP = NO;
				DEBUG_INFORMATION_FORMAT = "dwarf-with-dsym";
				ENABLE_NS_ASSERTIONS = NO;
				ENABLE_STRICT_OBJC_MSGSEND = YES;
				GCC_C_LANGUAGE_STANDARD = gnu11;
				GCC_NO_COMMON_BLOCKS = YES;
				GCC_WARN_64_TO_32_BIT_CONVERSION = YES;
				GCC_WARN_ABOUT_RETURN_TYPE = YES_ERROR;
				GCC_WARN_UNDECLARED_SELECTOR = YES;
				GCC_WARN_UNINITIALIZED_AUTOS = YES_AGGRESSIVE;
				GCC_WARN_UNUSED_FUNCTION = YES;
				GCC_WARN_UNUSED_VARIABLE = YES;
				IPHONEOS_DEPLOYMENT_TARGET = 12.2;
				MTL_ENABLE_DEBUG_INFO = NO;
				MTL_FAST_MATH = YES;
				SDKROOT = iphoneos;
				SWIFT_COMPILATION_MODE = wholemodule;
				SWIFT_OPTIMIZATION_LEVEL = "-O";
				VALIDATE_PRODUCT = YES;
			};
			name = Release;
		};
		7946A0B622B8073D00BEB222 /* Debug */ = {
			isa = XCBuildConfiguration;
			buildSettings = {
				ASSETCATALOG_COMPILER_APPICON_NAME = AppIcon;
				CODE_SIGN_STYLE = Automatic;
				DEVELOPMENT_TEAM = YYV8LRMG8S;
				INFOPLIST_FILE = Fleetstep/Info.plist;
				LD_RUNPATH_SEARCH_PATHS = (
					"$(inherited)",
					"@executable_path/Frameworks",
				);
				PRODUCT_BUNDLE_IDENTIFIER = wolfgangwalder.Fleetstep;
				PRODUCT_NAME = "$(TARGET_NAME)";
				SWIFT_VERSION = 5.0;
				TARGETED_DEVICE_FAMILY = "1,2";
			};
			name = Debug;
		};
		7946A0B722B8073D00BEB222 /* Release */ = {
			isa = XCBuildConfiguration;
			buildSettings = {
				ASSETCATALOG_COMPILER_APPICON_NAME = AppIcon;
				CODE_SIGN_STYLE = Automatic;
				DEVELOPMENT_TEAM = YYV8LRMG8S;
				INFOPLIST_FILE = Fleetstep/Info.plist;
				LD_RUNPATH_SEARCH_PATHS = (
					"$(inherited)",
					"@executable_path/Frameworks",
				);
				PRODUCT_BUNDLE_IDENTIFIER = wolfgangwalder.Fleetstep;
				PRODUCT_NAME = "$(TARGET_NAME)";
				SWIFT_VERSION = 5.0;
				TARGETED_DEVICE_FAMILY = "1,2";
			};
			name = Release;
		};
		7946A0B922B8073D00BEB222 /* Debug */ = {
			isa = XCBuildConfiguration;
			buildSettings = {
				ALWAYS_EMBED_SWIFT_STANDARD_LIBRARIES = YES;
				BUNDLE_LOADER = "$(TEST_HOST)";
				CODE_SIGN_STYLE = Automatic;
				DEVELOPMENT_TEAM = YYV8LRMG8S;
				INFOPLIST_FILE = FleetstepTests/Info.plist;
				LD_RUNPATH_SEARCH_PATHS = (
					"$(inherited)",
					"@executable_path/Frameworks",
					"@loader_path/Frameworks",
				);
				PRODUCT_BUNDLE_IDENTIFIER = wolfgangwalder.FleetstepTests;
				PRODUCT_NAME = "$(TARGET_NAME)";
				SWIFT_VERSION = 5.0;
				TARGETED_DEVICE_FAMILY = "1,2";
				TEST_HOST = "$(BUILT_PRODUCTS_DIR)/Fleetstep.app/Fleetstep";
			};
			name = Debug;
		};
		7946A0BA22B8073D00BEB222 /* Release */ = {
			isa = XCBuildConfiguration;
			buildSettings = {
				ALWAYS_EMBED_SWIFT_STANDARD_LIBRARIES = YES;
				BUNDLE_LOADER = "$(TEST_HOST)";
				CODE_SIGN_STYLE = Automatic;
				DEVELOPMENT_TEAM = YYV8LRMG8S;
				INFOPLIST_FILE = FleetstepTests/Info.plist;
				LD_RUNPATH_SEARCH_PATHS = (
					"$(inherited)",
					"@executable_path/Frameworks",
					"@loader_path/Frameworks",
				);
				PRODUCT_BUNDLE_IDENTIFIER = wolfgangwalder.FleetstepTests;
				PRODUCT_NAME = "$(TARGET_NAME)";
				SWIFT_VERSION = 5.0;
				TARGETED_DEVICE_FAMILY = "1,2";
				TEST_HOST = "$(BUILT_PRODUCTS_DIR)/Fleetstep.app/Fleetstep";
			};
			name = Release;
		};
		7946A0BC22B8073D00BEB222 /* Debug */ = {
			isa = XCBuildConfiguration;
			buildSettings = {
				ALWAYS_EMBED_SWIFT_STANDARD_LIBRARIES = YES;
				CODE_SIGN_STYLE = Automatic;
				DEVELOPMENT_TEAM = YYV8LRMG8S;
				INFOPLIST_FILE = FleetstepUITests/Info.plist;
				LD_RUNPATH_SEARCH_PATHS = (
					"$(inherited)",
					"@executable_path/Frameworks",
					"@loader_path/Frameworks",
				);
				PRODUCT_BUNDLE_IDENTIFIER = wolfgangwalder.FleetstepUITests;
				PRODUCT_NAME = "$(TARGET_NAME)";
				SWIFT_VERSION = 5.0;
				TARGETED_DEVICE_FAMILY = "1,2";
				TEST_TARGET_NAME = Fleetstep;
			};
			name = Debug;
		};
		7946A0BD22B8073D00BEB222 /* Release */ = {
			isa = XCBuildConfiguration;
			buildSettings = {
				ALWAYS_EMBED_SWIFT_STANDARD_LIBRARIES = YES;
				CODE_SIGN_STYLE = Automatic;
				DEVELOPMENT_TEAM = YYV8LRMG8S;
				INFOPLIST_FILE = FleetstepUITests/Info.plist;
				LD_RUNPATH_SEARCH_PATHS = (
					"$(inherited)",
					"@executable_path/Frameworks",
					"@loader_path/Frameworks",
				);
				PRODUCT_BUNDLE_IDENTIFIER = wolfgangwalder.FleetstepUITests;
				PRODUCT_NAME = "$(TARGET_NAME)";
				SWIFT_VERSION = 5.0;
				TARGETED_DEVICE_FAMILY = "1,2";
				TEST_TARGET_NAME = Fleetstep;
			};
			name = Release;
		};
/* End XCBuildConfiguration section */

/* Begin XCConfigurationList section */
		7946A08822B8073A00BEB222 /* Build configuration list for PBXProject "Fleetstep" */ = {
			isa = XCConfigurationList;
			buildConfigurations = (
				7946A0B322B8073D00BEB222 /* Debug */,
				7946A0B422B8073D00BEB222 /* Release */,
			);
			defaultConfigurationIsVisible = 0;
			defaultConfigurationName = Release;
		};
		7946A0B522B8073D00BEB222 /* Build configuration list for PBXNativeTarget "Fleetstep" */ = {
			isa = XCConfigurationList;
			buildConfigurations = (
				7946A0B622B8073D00BEB222 /* Debug */,
				7946A0B722B8073D00BEB222 /* Release */,
			);
			defaultConfigurationIsVisible = 0;
			defaultConfigurationName = Release;
		};
		7946A0B822B8073D00BEB222 /* Build configuration list for PBXNativeTarget "FleetstepTests" */ = {
			isa = XCConfigurationList;
			buildConfigurations = (
				7946A0B922B8073D00BEB222 /* Debug */,
				7946A0BA22B8073D00BEB222 /* Release */,
			);
			defaultConfigurationIsVisible = 0;
			defaultConfigurationName = Release;
		};
		7946A0BB22B8073D00BEB222 /* Build configuration list for PBXNativeTarget "FleetstepUITests" */ = {
			isa = XCConfigurationList;
			buildConfigurations = (
				7946A0BC22B8073D00BEB222 /* Debug */,
				7946A0BD22B8073D00BEB222 /* Release */,
			);
			defaultConfigurationIsVisible = 0;
			defaultConfigurationName = Release;
		};
/* End XCConfigurationList section */
	};
	rootObject = 7946A08522B8073A00BEB222 /* Project object */;
}
